
Microsoft Visual Studio Solution File, Format Version 12.00
# Visual Studio Version 16
VisualStudioVersion = 16.0.810.25
MinimumVisualStudioVersion = 10.0.40219.1
Project("{FAE04EC0-301F-11D3-BF4B-00C04F79EFBC}") = "Lab_3", "Lab_3\Lab_3.csproj", "{BB9E2AC4-EEAD-44D6-B40B-A872F66A0BEF}"
EndProject
Global
	GlobalSection(SolutionConfigurationPlatforms) = preSolution
		Debug|Any CPU = Debug|Any CPU
		Release|Any CPU = Release|Any CPU
	EndGlobalSection
	GlobalSection(ProjectConfigurationPlatforms) = postSolution
		{BB9E2AC4-EEAD-44D6-B40B-A872F66A0BEF}.Debug|Any CPU.ActiveCfg = Debug|Any CPU
		{BB9E2AC4-EEAD-44D6-B40B-A872F66A0BEF}.Debug|Any CPU.Build.0 = Debug|Any CPU
		{BB9E2AC4-EEAD-44D6-B40B-A872F66A0BEF}.Release|Any CPU.ActiveCfg = Release|Any CPU
		{BB9E2AC4-EEAD-44D6-B40B-A872F66A0BEF}.Release|Any CPU.Build.0 = Release|Any CPU
	EndGlobalSection
	GlobalSection(SolutionProperties) = preSolution
		HideSolutionNode = FALSE
	EndGlobalSection
	GlobalSection(ExtensibilityGlobals) = postSolution
		SolutionGuid = {EB1BFF23-673C-4745-A96A-F238B26B9AD2}
	EndGlobalSection
EndGlobal
