
Microsoft Visual Studio Solution File, Format Version 12.00
# Visual Studio Version 16
VisualStudioVersion = 16.0.810.23
MinimumVisualStudioVersion = 10.0.40219.1
Project("{FAE04EC0-301F-11D3-BF4B-00C04F79EFBC}") = "Lab_2", "Lab_2\Lab_2.csproj", "{B50E522A-8FAB-469F-868E-EE7B324A5E54}"
EndProject
Global
	GlobalSection(SolutionConfigurationPlatforms) = preSolution
		Debug|Any CPU = Debug|Any CPU
		Release|Any CPU = Release|Any CPU
	EndGlobalSection
	GlobalSection(ProjectConfigurationPlatforms) = postSolution
		{B50E522A-8FAB-469F-868E-EE7B324A5E54}.Debug|Any CPU.ActiveCfg = Debug|Any CPU
		{B50E522A-8FAB-469F-868E-EE7B324A5E54}.Debug|Any CPU.Build.0 = Debug|Any CPU
		{B50E522A-8FAB-469F-868E-EE7B324A5E54}.Release|Any CPU.ActiveCfg = Release|Any CPU
		{B50E522A-8FAB-469F-868E-EE7B324A5E54}.Release|Any CPU.Build.0 = Release|Any CPU
	EndGlobalSection
	GlobalSection(SolutionProperties) = preSolution
		HideSolutionNode = FALSE
	EndGlobalSection
	GlobalSection(ExtensibilityGlobals) = postSolution
		SolutionGuid = {82D14383-9DE5-415C-87BA-FA3CDC9D9AB0}
	EndGlobalSection
EndGlobal
